
Microsoft Visual Studio Solution File, Format Version 12.00
# Visual Studio Version 17
VisualStudioVersion = 17.9.34622.214
MinimumVisualStudioVersion = 10.0.40219.1
Project("{9A19103F-16F7-4668-BE54-9A1E7A4F7556}") = "MyFunctionApp", "..\TimeTriggerFunctionApp\MyFunctionApp.csproj", "{F4FE3A27-4BB9-43F3-BBEB-9E758B117FBB}"
EndProject
Global
	GlobalSection(SolutionConfigurationPlatforms) = preSolution
		Debug|Any CPU = Debug|Any CPU
		Release|Any CPU = Release|Any CPU
	EndGlobalSection
	GlobalSection(ProjectConfigurationPlatforms) = postSolution
		{F4FE3A27-4BB9-43F3-BBEB-9E758B117FBB}.Debug|Any CPU.ActiveCfg = Debug|Any CPU
		{F4FE3A27-4BB9-43F3-BBEB-9E758B117FBB}.Debug|Any CPU.Build.0 = Debug|Any CPU
		{F4FE3A27-4BB9-43F3-BBEB-9E758B117FBB}.Release|Any CPU.ActiveCfg = Release|Any CPU
		{F4FE3A27-4BB9-43F3-BBEB-9E758B117FBB}.Release|Any CPU.Build.0 = Release|Any CPU
	EndGlobalSection
	GlobalSection(SolutionProperties) = preSolution
		HideSolutionNode = FALSE
	EndGlobalSection
	GlobalSection(ExtensibilityGlobals) = postSolution
		SolutionGuid = {9B1B2937-E7CE-4527-869F-34469135DF6D}
	EndGlobalSection
EndGlobal
